{
  "name": "fluttersampleapp",
  "lockfileVersion": 2,
  "requires": true,
  "packages": {
    "": {
      "dependencies": {
        "@aws-cdk/aws-apprunner": "^1.152.0",
        "@aws-cdk/aws-apprunner-alpha": "^2.20.0-alpha.0",
        "@aws-cdk/aws-ecr": "^1.152.0"
      }
    },
    "node_modules/@aws-cdk/assets": {
      "version": "1.152.0",
      "resolved": "https://registry.npmjs.org/@aws-cdk/assets/-/assets-1.152.0.tgz",
      "integrity": "sha512-PEsrKaQqf0NIik7RlIoXdbJj8KATAV4w5tLZxr1HTaUdRaPYp2U3caaU3dsqZl2Tq+/EqPbvU87vP7H4qZ28iQ==",
      "dependencies": {
        "@aws-cdk/core": "1.152.0",
        "@aws-cdk/cx-api": "1.152.0",
        "constructs": "^3.3.69"
      },
      "engines": {
        "node": ">= 10.13.0 <13 || >=13.7.0"
      },
      "peerDependencies": {
        "@aws-cdk/core": "1.152.0",
        "@aws-cdk/cx-api": "1.152.0",
        "constructs": "^3.3.69"
      }
    },
    "node_modules/@aws-cdk/assets/node_modules/constructs": {
      "version": "3.3.269",
      "resolved": "https://registry.npmjs.org/constructs/-/constructs-3.3.269.tgz",
      "integrity": "sha512-Qx9qG5hoT1IaRCFYvWrwCqdfqGm+spLL6vkcqjCR+wKIiiMqE39Ji36KQ8r9TxdbHesEgbzu39BoT00Z97J7HA==",
      "engines": {
        "node": ">= 12.7.0"
      }
    },
    "node_modules/@aws-cdk/aws-apprunner": {
      "version": "1.152.0",
      "resolved": "https://registry.npmjs.org/@aws-cdk/aws-apprunner/-/aws-apprunner-1.152.0.tgz",
      "integrity": "sha512-/770qRXFutNP0Ez4yjYi/v5UBwaILBod8kyi4AAM/ik+1TgFZ6aHU600lZ50FffmIUW/WsX0LUSBi/cTH5qf5A==",
      "dependencies": {
        "@aws-cdk/aws-ecr": "1.152.0",
        "@aws-cdk/aws-ecr-assets": "1.152.0",
        "@aws-cdk/aws-iam": "1.152.0",
        "@aws-cdk/core": "1.152.0",
        "constructs": "^3.3.69"
      },
      "engines": {
        "node": ">= 10.13.0 <13 || >=13.7.0"
      },
      "peerDependencies": {
        "@aws-cdk/aws-ecr": "1.152.0",
        "@aws-cdk/aws-ecr-assets": "1.152.0",
        "@aws-cdk/aws-iam": "1.152.0",
        "@aws-cdk/core": "1.152.0",
        "constructs": "^3.3.69"
      }
    },
    "node_modules/@aws-cdk/aws-apprunner-alpha": {
      "version": "2.20.0-alpha.0",
      "resolved": "https://registry.npmjs.org/@aws-cdk/aws-apprunner-alpha/-/aws-apprunner-alpha-2.20.0-alpha.0.tgz",
      "integrity": "sha512-Eno+FXxa7k0Irx9ssl0ML44rlBg2THo8WMqxO3dKZpAZeZbfd8s8T3/UjP1Fq22TCKn+psDJ+wiUAd9r/BI2ig==",
      "engines": {
        "node": ">= 14.15.0"
      },
      "peerDependencies": {
        "aws-cdk-lib": "^2.20.0",
        "constructs": "^10.0.0"
      }
    },
    "node_modules/@aws-cdk/aws-apprunner/node_modules/constructs": {
      "version": "3.3.269",
      "resolved": "https://registry.npmjs.org/constructs/-/constructs-3.3.269.tgz",
      "integrity": "sha512-Qx9qG5hoT1IaRCFYvWrwCqdfqGm+spLL6vkcqjCR+wKIiiMqE39Ji36KQ8r9TxdbHesEgbzu39BoT00Z97J7HA==",
      "engines": {
        "node": ">= 12.7.0"
      }
    },
    "node_modules/@aws-cdk/aws-ecr": {
      "version": "1.152.0",
      "resolved": "https://registry.npmjs.org/@aws-cdk/aws-ecr/-/aws-ecr-1.152.0.tgz",
      "integrity": "sha512-c95MF+I44zFX4n6SeuJNUKHqws2nXAQQrxuDo/xQxuKyuqMl2zE9+wTCTr5vXNabplkDBckFxNkA4QZyN47QEw==",
      "dependencies": {
        "@aws-cdk/aws-events": "1.152.0",
        "@aws-cdk/aws-iam": "1.152.0",
        "@aws-cdk/aws-kms": "1.152.0",
        "@aws-cdk/core": "1.152.0",
        "constructs": "^3.3.69"
      },
      "engines": {
        "node": ">= 10.13.0 <13 || >=13.7.0"
      },
      "peerDependencies": {
        "@aws-cdk/aws-events": "1.152.0",
        "@aws-cdk/aws-iam": "1.152.0",
        "@aws-cdk/aws-kms": "1.152.0",
        "@aws-cdk/core": "1.152.0",
        "constructs": "^3.3.69"
      }
    },
    "node_modules/@aws-cdk/aws-ecr-assets": {
      "version": "1.152.0",
      "resolved": "https://registry.npmjs.org/@aws-cdk/aws-ecr-assets/-/aws-ecr-assets-1.152.0.tgz",
      "integrity": "sha512-jVwB+Z+JFeM2NuHefqeZwovO/vawtVQBiexFoTainEglKFuX+xI9swpYbRJfoRaFBY7/X1TeKgci8orLFphxmQ==",
      "dependencies": {
        "@aws-cdk/assets": "1.152.0",
        "@aws-cdk/aws-ecr": "1.152.0",
        "@aws-cdk/aws-iam": "1.152.0",
        "@aws-cdk/aws-s3": "1.152.0",
        "@aws-cdk/core": "1.152.0",
        "@aws-cdk/cx-api": "1.152.0",
        "constructs": "^3.3.69"
      },
      "engines": {
        "node": ">= 10.13.0 <13 || >=13.7.0"
      },
      "peerDependencies": {
        "@aws-cdk/assets": "1.152.0",
        "@aws-cdk/aws-ecr": "1.152.0",
        "@aws-cdk/aws-iam": "1.152.0",
        "@aws-cdk/aws-s3": "1.152.0",
        "@aws-cdk/core": "1.152.0",
        "@aws-cdk/cx-api": "1.152.0",
        "constructs": "^3.3.69"
      }
    },
    "node_modules/@aws-cdk/aws-ecr-assets/node_modules/constructs": {
      "version": "3.3.269",
      "resolved": "https://registry.npmjs.org/constructs/-/constructs-3.3.269.tgz",
      "integrity": "sha512-Qx9qG5hoT1IaRCFYvWrwCqdfqGm+spLL6vkcqjCR+wKIiiMqE39Ji36KQ8r9TxdbHesEgbzu39BoT00Z97J7HA==",
      "engines": {
        "node": ">= 12.7.0"
      }
    },
    "node_modules/@aws-cdk/aws-ecr/node_modules/constructs": {
      "version": "3.3.269",
      "resolved": "https://registry.npmjs.org/constructs/-/constructs-3.3.269.tgz",
      "integrity": "sha512-Qx9qG5hoT1IaRCFYvWrwCqdfqGm+spLL6vkcqjCR+wKIiiMqE39Ji36KQ8r9TxdbHesEgbzu39BoT00Z97J7HA==",
      "engines": {
        "node": ">= 12.7.0"
      }
    },
    "node_modules/@aws-cdk/aws-events": {
      "version": "1.152.0",
      "resolved": "https://registry.npmjs.org/@aws-cdk/aws-events/-/aws-events-1.152.0.tgz",
      "integrity": "sha512-gGbsrKVkLrn+OcC/bx/C/BOKMRc+AtX6cvuvr2Bt6B3PrgXCje7fCsK4+IFDBcZOS5OUjXyGwp+MKUFMUVHSBQ==",
      "dependencies": {
        "@aws-cdk/aws-iam": "1.152.0",
        "@aws-cdk/core": "1.152.0",
        "constructs": "^3.3.69"
      },
      "engines": {
        "node": ">= 10.13.0 <13 || >=13.7.0"
      },
      "peerDependencies": {
        "@aws-cdk/aws-iam": "1.152.0",
        "@aws-cdk/core": "1.152.0",
        "constructs": "^3.3.69"
      }
    },
    "node_modules/@aws-cdk/aws-events/node_modules/constructs": {
      "version": "3.3.269",
      "resolved": "https://registry.npmjs.org/constructs/-/constructs-3.3.269.tgz",
      "integrity": "sha512-Qx9qG5hoT1IaRCFYvWrwCqdfqGm+spLL6vkcqjCR+wKIiiMqE39Ji36KQ8r9TxdbHesEgbzu39BoT00Z97J7HA==",
      "engines": {
        "node": ">= 12.7.0"
      }
    },
    "node_modules/@aws-cdk/aws-iam": {
      "version": "1.152.0",
      "resolved": "https://registry.npmjs.org/@aws-cdk/aws-iam/-/aws-iam-1.152.0.tgz",
      "integrity": "sha512-Nwi3DAhWyJE1SDnhYeutio/RnjzfrM5UguSLEeHDg8/r5pIg6297V7y4YhEgqNM3+CRLDu8KyuBXRxZp4ZixpQ==",
      "dependencies": {
        "@aws-cdk/core": "1.152.0",
        "@aws-cdk/cx-api": "1.152.0",
        "@aws-cdk/region-info": "1.152.0",
        "constructs": "^3.3.69"
      },
      "engines": {
        "node": ">= 10.13.0 <13 || >=13.7.0"
      },
      "peerDependencies": {
        "@aws-cdk/core": "1.152.0",
        "@aws-cdk/region-info": "1.152.0",
        "constructs": "^3.3.69"
      }
    },
    "node_modules/@aws-cdk/aws-iam/node_modules/constructs": {
      "version": "3.3.269",
      "resolved": "https://registry.npmjs.org/constructs/-/constructs-3.3.269.tgz",
      "integrity": "sha512-Qx9qG5hoT1IaRCFYvWrwCqdfqGm+spLL6vkcqjCR+wKIiiMqE39Ji36KQ8r9TxdbHesEgbzu39BoT00Z97J7HA==",
      "engines": {
        "node": ">= 12.7.0"
      }
    },
    "node_modules/@aws-cdk/aws-kms": {
      "version": "1.152.0",
      "resolved": "https://registry.npmjs.org/@aws-cdk/aws-kms/-/aws-kms-1.152.0.tgz",
      "integrity": "sha512-+nj0o2heN70JdHfXnrEE2Kne8XB2FbwJw7XXxNesgcOGnlpP2vVBB9KrGs8QQe4JoC++5enktqwzpSkZNPtwxw==",
      "dependencies": {
        "@aws-cdk/aws-iam": "1.152.0",
        "@aws-cdk/cloud-assembly-schema": "1.152.0",
        "@aws-cdk/core": "1.152.0",
        "@aws-cdk/cx-api": "1.152.0",
        "constructs": "^3.3.69"
      },
      "engines": {
        "node": ">= 10.13.0 <13 || >=13.7.0"
      },
      "peerDependencies": {
        "@aws-cdk/aws-iam": "1.152.0",
        "@aws-cdk/cloud-assembly-schema": "1.152.0",
        "@aws-cdk/core": "1.152.0",
        "@aws-cdk/cx-api": "1.152.0",
        "constructs": "^3.3.69"
      }
    },
    "node_modules/@aws-cdk/aws-kms/node_modules/constructs": {
      "version": "3.3.269",
      "resolved": "https://registry.npmjs.org/constructs/-/constructs-3.3.269.tgz",
      "integrity": "sha512-Qx9qG5hoT1IaRCFYvWrwCqdfqGm+spLL6vkcqjCR+wKIiiMqE39Ji36KQ8r9TxdbHesEgbzu39BoT00Z97J7HA==",
      "engines": {
        "node": ">= 12.7.0"
      }
    },
    "node_modules/@aws-cdk/aws-s3": {
      "version": "1.152.0",
      "resolved": "https://registry.npmjs.org/@aws-cdk/aws-s3/-/aws-s3-1.152.0.tgz",
      "integrity": "sha512-3a6uGMdZ41OWTDXo4b3rM9FUCBKEUVBt/kgm07GZq2kBj13/d6O7DBWp1bUq0fYIjftk2AAXkXOwsORuPMgiPw==",
      "dependencies": {
        "@aws-cdk/aws-events": "1.152.0",
        "@aws-cdk/aws-iam": "1.152.0",
        "@aws-cdk/aws-kms": "1.152.0",
        "@aws-cdk/core": "1.152.0",
        "@aws-cdk/cx-api": "1.152.0",
        "constructs": "^3.3.69"
      },
      "engines": {
        "node": ">= 10.13.0 <13 || >=13.7.0"
      },
      "peerDependencies": {
        "@aws-cdk/aws-events": "1.152.0",
        "@aws-cdk/aws-iam": "1.152.0",
        "@aws-cdk/aws-kms": "1.152.0",
        "@aws-cdk/core": "1.152.0",
        "@aws-cdk/cx-api": "1.152.0",
        "constructs": "^3.3.69"
      }
    },
    "node_modules/@aws-cdk/aws-s3/node_modules/constructs": {
      "version": "3.3.269",
      "resolved": "https://registry.npmjs.org/constructs/-/constructs-3.3.269.tgz",
      "integrity": "sha512-Qx9qG5hoT1IaRCFYvWrwCqdfqGm+spLL6vkcqjCR+wKIiiMqE39Ji36KQ8r9TxdbHesEgbzu39BoT00Z97J7HA==",
      "engines": {
        "node": ">= 12.7.0"
      }
    },
    "node_modules/@aws-cdk/cloud-assembly-schema": {
      "version": "1.152.0",
      "resolved": "https://registry.npmjs.org/@aws-cdk/cloud-assembly-schema/-/cloud-assembly-schema-1.152.0.tgz",
      "integrity": "sha512-DEb+760eRhTGsclAaLqWJijMPsl789/JR54qP83RHEkj4tYxy5s6LMIfCMLAvLTjAR23lzk+7/0OvHNwUHiMYw==",
      "bundleDependencies": [
        "jsonschema",
        "semver"
      ],
      "dependencies": {
        "jsonschema": "^1.4.0",
        "semver": "^7.3.5"
      },
      "engines": {
        "node": ">= 10.13.0 <13 || >=13.7.0"
      }
    },
    "node_modules/@aws-cdk/cloud-assembly-schema/node_modules/jsonschema": {
      "version": "1.4.0",
      "inBundle": true,
      "license": "MIT",
      "engines": {
        "node": "*"
      }
    },
    "node_modules/@aws-cdk/cloud-assembly-schema/node_modules/lru-cache": {
      "version": "6.0.0",
      "inBundle": true,
      "license": "ISC",
      "dependencies": {
        "yallist": "^4.0.0"
      },
      "engines": {
        "node": ">=10"
      }
    },
    "node_modules/@aws-cdk/cloud-assembly-schema/node_modules/semver": {
      "version": "7.3.5",
      "inBundle": true,
      "license": "ISC",
      "dependencies": {
        "lru-cache": "^6.0.0"
      },
      "bin": {
        "semver": "bin/semver.js"
      },
      "engines": {
        "node": ">=10"
      }
    },
    "node_modules/@aws-cdk/cloud-assembly-schema/node_modules/yallist": {
      "version": "4.0.0",
      "inBundle": true,
      "license": "ISC"
    },
    "node_modules/@aws-cdk/core": {
      "version": "1.152.0",
      "resolved": "https://registry.npmjs.org/@aws-cdk/core/-/core-1.152.0.tgz",
      "integrity": "sha512-P9BLrD/cFiJ4uxSUp5+Gf/Fc/IAn8Vhp3QCMcFsD3gB2JrUnxuloHwBzu1zdZVa2k2QdLBTHor1YNFFjs3zdLQ==",
      "bundleDependencies": [
        "fs-extra",
        "minimatch",
        "@balena/dockerignore",
        "ignore"
      ],
      "dependencies": {
        "@aws-cdk/cloud-assembly-schema": "1.152.0",
        "@aws-cdk/cx-api": "1.152.0",
        "@aws-cdk/region-info": "1.152.0",
        "@balena/dockerignore": "^1.0.2",
        "constructs": "^3.3.69",
        "fs-extra": "^9.1.0",
        "ignore": "^5.2.0",
        "minimatch": "^3.1.2"
      },
      "engines": {
        "node": ">= 10.13.0 <13 || >=13.7.0"
      },
      "peerDependencies": {
        "@aws-cdk/cloud-assembly-schema": "1.152.0",
        "@aws-cdk/cx-api": "1.152.0",
        "@aws-cdk/region-info": "1.152.0",
        "constructs": "^3.3.69"
      }
    },
    "node_modules/@aws-cdk/core/node_modules/@balena/dockerignore": {
      "version": "1.0.2",
      "inBundle": true,
      "license": "Apache-2.0"
    },
    "node_modules/@aws-cdk/core/node_modules/at-least-node": {
      "version": "1.0.0",
      "inBundle": true,
      "license": "ISC",
      "engines": {
        "node": ">= 4.0.0"
      }
    },
    "node_modules/@aws-cdk/core/node_modules/balanced-match": {
      "version": "1.0.2",
      "inBundle": true,
      "license": "MIT"
    },
    "node_modules/@aws-cdk/core/node_modules/brace-expansion": {
      "version": "1.1.11",
      "inBundle": true,
      "license": "MIT",
      "dependencies": {
        "balanced-match": "^1.0.0",
        "concat-map": "0.0.1"
      }
    },
    "node_modules/@aws-cdk/core/node_modules/concat-map": {
      "version": "0.0.1",
      "inBundle": true,
      "license": "MIT"
    },
    "node_modules/@aws-cdk/core/node_modules/constructs": {
      "version": "3.3.269",
      "resolved": "https://registry.npmjs.org/constructs/-/constructs-3.3.269.tgz",
      "integrity": "sha512-Qx9qG5hoT1IaRCFYvWrwCqdfqGm+spLL6vkcqjCR+wKIiiMqE39Ji36KQ8r9TxdbHesEgbzu39BoT00Z97J7HA==",
      "engines": {
        "node": ">= 12.7.0"
      }
    },
    "node_modules/@aws-cdk/core/node_modules/fs-extra": {
      "version": "9.1.0",
      "inBundle": true,
      "license": "MIT",
      "dependencies": {
        "at-least-node": "^1.0.0",
        "graceful-fs": "^4.2.0",
        "jsonfile": "^6.0.1",
        "universalify": "^2.0.0"
      },
      "engines": {
        "node": ">=10"
      }
    },
    "node_modules/@aws-cdk/core/node_modules/graceful-fs": {
      "version": "4.2.9",
      "inBundle": true,
      "license": "ISC"
    },
    "node_modules/@aws-cdk/core/node_modules/ignore": {
      "version": "5.2.0",
      "inBundle": true,
      "license": "MIT",
      "engines": {
        "node": ">= 4"
      }
    },
    "node_modules/@aws-cdk/core/node_modules/jsonfile": {
      "version": "6.1.0",
      "inBundle": true,
      "license": "MIT",
      "dependencies": {
        "universalify": "^2.0.0"
      },
      "optionalDependencies": {
        "graceful-fs": "^4.1.6"
      }
    },
    "node_modules/@aws-cdk/core/node_modules/minimatch": {
      "version": "3.1.2",
      "inBundle": true,
      "license": "ISC",
      "dependencies": {
        "brace-expansion": "^1.1.7"
      },
      "engines": {
        "node": "*"
      }
    },
    "node_modules/@aws-cdk/core/node_modules/universalify": {
      "version": "2.0.0",
      "inBundle": true,
      "license": "MIT",
      "engines": {
        "node": ">= 10.0.0"
      }
    },
    "node_modules/@aws-cdk/cx-api": {
      "version": "1.152.0",
      "resolved": "https://registry.npmjs.org/@aws-cdk/cx-api/-/cx-api-1.152.0.tgz",
      "integrity": "sha512-v6oMPMUEZrg+hEB5rVlYlWugwHKVNsBWzvT+1Hl7h6SyadTSh08wby4uyzGk/mxWusk4NwW1FMaIYtsG5BNF4A==",
      "bundleDependencies": [
        "semver"
      ],
      "dependencies": {
        "@aws-cdk/cloud-assembly-schema": "1.152.0",
        "semver": "^7.3.5"
      },
      "engines": {
        "node": ">= 10.13.0 <13 || >=13.7.0"
      },
      "peerDependencies": {
        "@aws-cdk/cloud-assembly-schema": "1.152.0"
      }
    },
    "node_modules/@aws-cdk/cx-api/node_modules/lru-cache": {
      "version": "6.0.0",
      "inBundle": true,
      "license": "ISC",
      "dependencies": {
        "yallist": "^4.0.0"
      },
      "engines": {
        "node": ">=10"
      }
    },
    "node_modules/@aws-cdk/cx-api/node_modules/semver": {
      "version": "7.3.5",
      "inBundle": true,
      "license": "ISC",
      "dependencies": {
        "lru-cache": "^6.0.0"
      },
      "bin": {
        "semver": "bin/semver.js"
      },
      "engines": {
        "node": ">=10"
      }
    },
    "node_modules/@aws-cdk/cx-api/node_modules/yallist": {
      "version": "4.0.0",
      "inBundle": true,
      "license": "ISC"
    },
    "node_modules/@aws-cdk/region-info": {
      "version": "1.152.0",
      "resolved": "https://registry.npmjs.org/@aws-cdk/region-info/-/region-info-1.152.0.tgz",
      "integrity": "sha512-LJKb6W9RKJegw25H+RcUvxRyN8yIbez7m9OSvk/HSJZQVllxTyf3427gYgkwSjPvYnzBIuQEuH4lpZs96imh2A==",
      "engines": {
        "node": ">= 10.13.0 <13 || >=13.7.0"
      }
    },
    "node_modules/aws-cdk-lib": {
      "version": "2.20.0",
      "resolved": "https://registry.npmjs.org/aws-cdk-lib/-/aws-cdk-lib-2.20.0.tgz",
      "integrity": "sha512-jACK/1UJxtWWl6QH+I1V8Oc8F1EEL6aFQYk24DIrzNyB1Aj9LIs9/NyDu5zN00QFKrR6aDE7WAv1VG3sa6wWdg==",
      "bundleDependencies": [
        "@balena/dockerignore",
        "case",
        "fs-extra",
        "ignore",
        "jsonschema",
        "minimatch",
        "punycode",
        "semver",
        "yaml"
      ],
      "peer": true,
      "dependencies": {
        "@balena/dockerignore": "^1.0.2",
        "case": "1.6.3",
        "fs-extra": "^9.1.0",
        "ignore": "^5.2.0",
        "jsonschema": "^1.4.0",
        "minimatch": "^3.1.2",
        "punycode": "^2.1.1",
        "semver": "^7.3.5",
        "yaml": "1.10.2"
      },
      "engines": {
        "node": ">= 14.15.0"
      },
      "peerDependencies": {
        "constructs": "^10.0.0"
      }
    },
    "node_modules/aws-cdk-lib/node_modules/@balena/dockerignore": {
      "version": "1.0.2",
      "inBundle": true,
      "license": "Apache-2.0",
      "peer": true
    },
    "node_modules/aws-cdk-lib/node_modules/at-least-node": {
      "version": "1.0.0",
      "inBundle": true,
      "license": "ISC",
      "peer": true,
      "engines": {
        "node": ">= 4.0.0"
      }
    },
    "node_modules/aws-cdk-lib/node_modules/balanced-match": {
      "version": "1.0.2",
      "inBundle": true,
      "license": "MIT",
      "peer": true
    },
    "node_modules/aws-cdk-lib/node_modules/brace-expansion": {
      "version": "1.1.11",
      "inBundle": true,
      "license": "MIT",
      "peer": true,
      "dependencies": {
        "balanced-match": "^1.0.0",
        "concat-map": "0.0.1"
      }
    },
    "node_modules/aws-cdk-lib/node_modules/case": {
      "version": "1.6.3",
      "inBundle": true,
      "license": "(MIT OR GPL-3.0-or-later)",
      "peer": true,
      "engines": {
        "node": ">= 0.8.0"
      }
    },
    "node_modules/aws-cdk-lib/node_modules/concat-map": {
      "version": "0.0.1",
      "inBundle": true,
      "license": "MIT",
      "peer": true
    },
    "node_modules/aws-cdk-lib/node_modules/fs-extra": {
      "version": "9.1.0",
      "inBundle": true,
      "license": "MIT",
      "peer": true,
      "dependencies": {
        "at-least-node": "^1.0.0",
        "graceful-fs": "^4.2.0",
        "jsonfile": "^6.0.1",
        "universalify": "^2.0.0"
      },
      "engines": {
        "node": ">=10"
      }
    },
    "node_modules/aws-cdk-lib/node_modules/graceful-fs": {
      "version": "4.2.9",
      "inBundle": true,
      "license": "ISC",
      "peer": true
    },
    "node_modules/aws-cdk-lib/node_modules/ignore": {
      "version": "5.2.0",
      "inBundle": true,
      "license": "MIT",
      "peer": true,
      "engines": {
        "node": ">= 4"
      }
    },
    "node_modules/aws-cdk-lib/node_modules/jsonfile": {
      "version": "6.1.0",
      "inBundle": true,
      "license": "MIT",
      "peer": true,
      "dependencies": {
        "universalify": "^2.0.0"
      },
      "optionalDependencies": {
        "graceful-fs": "^4.1.6"
      }
    },
    "node_modules/aws-cdk-lib/node_modules/jsonschema": {
      "version": "1.4.0",
      "inBundle": true,
      "license": "MIT",
      "peer": true,
      "engines": {
        "node": "*"
      }
    },
    "node_modules/aws-cdk-lib/node_modules/lru-cache": {
      "version": "6.0.0",
      "inBundle": true,
      "license": "ISC",
      "peer": true,
      "dependencies": {
        "yallist": "^4.0.0"
      },
      "engines": {
        "node": ">=10"
      }
    },
    "node_modules/aws-cdk-lib/node_modules/minimatch": {
      "version": "3.1.2",
      "inBundle": true,
      "license": "ISC",
      "peer": true,
      "dependencies": {
        "brace-expansion": "^1.1.7"
      },
      "engines": {
        "node": "*"
      }
    },
    "node_modules/aws-cdk-lib/node_modules/punycode": {
      "version": "2.1.1",
      "inBundle": true,
      "license": "MIT",
      "peer": true,
      "engines": {
        "node": ">=6"
      }
    },
    "node_modules/aws-cdk-lib/node_modules/semver": {
      "version": "7.3.5",
      "inBundle": true,
      "license": "ISC",
      "peer": true,
      "dependencies": {
        "lru-cache": "^6.0.0"
      },
      "bin": {
        "semver": "bin/semver.js"
      },
      "engines": {
        "node": ">=10"
      }
    },
    "node_modules/aws-cdk-lib/node_modules/universalify": {
      "version": "2.0.0",
      "inBundle": true,
      "license": "MIT",
      "peer": true,
      "engines": {
        "node": ">= 10.0.0"
      }
    },
    "node_modules/aws-cdk-lib/node_modules/yallist": {
      "version": "4.0.0",
      "inBundle": true,
      "license": "ISC",
      "peer": true
    },
    "node_modules/aws-cdk-lib/node_modules/yaml": {
      "version": "1.10.2",
      "inBundle": true,
      "license": "ISC",
      "peer": true,
      "engines": {
        "node": ">= 6"
      }
    },
    "node_modules/constructs": {
      "version": "10.0.116",
      "resolved": "https://registry.npmjs.org/constructs/-/constructs-10.0.116.tgz",
      "integrity": "sha512-caA9ggK0N/wZ6Bj7Co/+3dWkXh9mq0TUr1VbLk7HBy9fgafIYwywD4e6J4zympulK0zVrq17JbeZB1HAIQTu/Q==",
      "peer": true,
      "engines": {
        "node": ">= 12.7.0"
      }
    }
  },
  "dependencies": {
    "@aws-cdk/assets": {
      "version": "1.152.0",
      "resolved": "https://registry.npmjs.org/@aws-cdk/assets/-/assets-1.152.0.tgz",
      "integrity": "sha512-PEsrKaQqf0NIik7RlIoXdbJj8KATAV4w5tLZxr1HTaUdRaPYp2U3caaU3dsqZl2Tq+/EqPbvU87vP7H4qZ28iQ==",
      "requires": {
        "@aws-cdk/core": "1.152.0",
        "@aws-cdk/cx-api": "1.152.0",
        "constructs": "^3.3.69"
      },
      "dependencies": {
        "constructs": {
          "version": "3.3.269",
          "resolved": "https://registry.npmjs.org/constructs/-/constructs-3.3.269.tgz",
          "integrity": "sha512-Qx9qG5hoT1IaRCFYvWrwCqdfqGm+spLL6vkcqjCR+wKIiiMqE39Ji36KQ8r9TxdbHesEgbzu39BoT00Z97J7HA=="
        }
      }
    },
    "@aws-cdk/aws-apprunner": {
      "version": "1.152.0",
      "resolved": "https://registry.npmjs.org/@aws-cdk/aws-apprunner/-/aws-apprunner-1.152.0.tgz",
      "integrity": "sha512-/770qRXFutNP0Ez4yjYi/v5UBwaILBod8kyi4AAM/ik+1TgFZ6aHU600lZ50FffmIUW/WsX0LUSBi/cTH5qf5A==",
      "requires": {
        "@aws-cdk/aws-ecr": "1.152.0",
        "@aws-cdk/aws-ecr-assets": "1.152.0",
        "@aws-cdk/aws-iam": "1.152.0",
        "@aws-cdk/core": "1.152.0",
        "constructs": "^3.3.69"
      },
      "dependencies": {
        "constructs": {
          "version": "3.3.269",
          "resolved": "https://registry.npmjs.org/constructs/-/constructs-3.3.269.tgz",
          "integrity": "sha512-Qx9qG5hoT1IaRCFYvWrwCqdfqGm+spLL6vkcqjCR+wKIiiMqE39Ji36KQ8r9TxdbHesEgbzu39BoT00Z97J7HA=="
        }
      }
    },
    "@aws-cdk/aws-apprunner-alpha": {
      "version": "2.20.0-alpha.0",
      "resolved": "https://registry.npmjs.org/@aws-cdk/aws-apprunner-alpha/-/aws-apprunner-alpha-2.20.0-alpha.0.tgz",
      "integrity": "sha512-Eno+FXxa7k0Irx9ssl0ML44rlBg2THo8WMqxO3dKZpAZeZbfd8s8T3/UjP1Fq22TCKn+psDJ+wiUAd9r/BI2ig==",
      "requires": {}
    },
    "@aws-cdk/aws-ecr": {
      "version": "1.152.0",
      "resolved": "https://registry.npmjs.org/@aws-cdk/aws-ecr/-/aws-ecr-1.152.0.tgz",
      "integrity": "sha512-c95MF+I44zFX4n6SeuJNUKHqws2nXAQQrxuDo/xQxuKyuqMl2zE9+wTCTr5vXNabplkDBckFxNkA4QZyN47QEw==",
      "requires": {
        "@aws-cdk/aws-events": "1.152.0",
        "@aws-cdk/aws-iam": "1.152.0",
        "@aws-cdk/aws-kms": "1.152.0",
        "@aws-cdk/core": "1.152.0",
        "constructs": "^3.3.69"
      },
      "dependencies": {
        "constructs": {
          "version": "3.3.269",
          "resolved": "https://registry.npmjs.org/constructs/-/constructs-3.3.269.tgz",
          "integrity": "sha512-Qx9qG5hoT1IaRCFYvWrwCqdfqGm+spLL6vkcqjCR+wKIiiMqE39Ji36KQ8r9TxdbHesEgbzu39BoT00Z97J7HA=="
        }
      }
    },
    "@aws-cdk/aws-ecr-assets": {
      "version": "1.152.0",
      "resolved": "https://registry.npmjs.org/@aws-cdk/aws-ecr-assets/-/aws-ecr-assets-1.152.0.tgz",
      "integrity": "sha512-jVwB+Z+JFeM2NuHefqeZwovO/vawtVQBiexFoTainEglKFuX+xI9swpYbRJfoRaFBY7/X1TeKgci8orLFphxmQ==",
      "requires": {
        "@aws-cdk/assets": "1.152.0",
        "@aws-cdk/aws-ecr": "1.152.0",
        "@aws-cdk/aws-iam": "1.152.0",
        "@aws-cdk/aws-s3": "1.152.0",
        "@aws-cdk/core": "1.152.0",
        "@aws-cdk/cx-api": "1.152.0",
        "constructs": "^3.3.69"
      },
      "dependencies": {
        "constructs": {
          "version": "3.3.269",
          "resolved": "https://registry.npmjs.org/constructs/-/constructs-3.3.269.tgz",
          "integrity": "sha512-Qx9qG5hoT1IaRCFYvWrwCqdfqGm+spLL6vkcqjCR+wKIiiMqE39Ji36KQ8r9TxdbHesEgbzu39BoT00Z97J7HA=="
        }
      }
    },
    "@aws-cdk/aws-events": {
      "version": "1.152.0",
      "resolved": "https://registry.npmjs.org/@aws-cdk/aws-events/-/aws-events-1.152.0.tgz",
      "integrity": "sha512-gGbsrKVkLrn+OcC/bx/C/BOKMRc+AtX6cvuvr2Bt6B3PrgXCje7fCsK4+IFDBcZOS5OUjXyGwp+MKUFMUVHSBQ==",
      "requires": {
        "@aws-cdk/aws-iam": "1.152.0",
        "@aws-cdk/core": "1.152.0",
        "constructs": "^3.3.69"
      },
      "dependencies": {
        "constructs": {
          "version": "3.3.269",
          "resolved": "https://registry.npmjs.org/constructs/-/constructs-3.3.269.tgz",
          "integrity": "sha512-Qx9qG5hoT1IaRCFYvWrwCqdfqGm+spLL6vkcqjCR+wKIiiMqE39Ji36KQ8r9TxdbHesEgbzu39BoT00Z97J7HA=="
        }
      }
    },
    "@aws-cdk/aws-iam": {
      "version": "1.152.0",
      "resolved": "https://registry.npmjs.org/@aws-cdk/aws-iam/-/aws-iam-1.152.0.tgz",
      "integrity": "sha512-Nwi3DAhWyJE1SDnhYeutio/RnjzfrM5UguSLEeHDg8/r5pIg6297V7y4YhEgqNM3+CRLDu8KyuBXRxZp4ZixpQ==",
      "requires": {
        "@aws-cdk/core": "1.152.0",
        "@aws-cdk/cx-api": "1.152.0",
        "@aws-cdk/region-info": "1.152.0",
        "constructs": "^3.3.69"
      },
      "dependencies": {
        "constructs": {
          "version": "3.3.269",
          "resolved": "https://registry.npmjs.org/constructs/-/constructs-3.3.269.tgz",
          "integrity": "sha512-Qx9qG5hoT1IaRCFYvWrwCqdfqGm+spLL6vkcqjCR+wKIiiMqE39Ji36KQ8r9TxdbHesEgbzu39BoT00Z97J7HA=="
        }
      }
    },
    "@aws-cdk/aws-kms": {
      "version": "1.152.0",
      "resolved": "https://registry.npmjs.org/@aws-cdk/aws-kms/-/aws-kms-1.152.0.tgz",
      "integrity": "sha512-+nj0o2heN70JdHfXnrEE2Kne8XB2FbwJw7XXxNesgcOGnlpP2vVBB9KrGs8QQe4JoC++5enktqwzpSkZNPtwxw==",
      "requires": {
        "@aws-cdk/aws-iam": "1.152.0",
        "@aws-cdk/cloud-assembly-schema": "1.152.0",
        "@aws-cdk/core": "1.152.0",
        "@aws-cdk/cx-api": "1.152.0",
        "constructs": "^3.3.69"
      },
      "dependencies": {
        "constructs": {
          "version": "3.3.269",
          "resolved": "https://registry.npmjs.org/constructs/-/constructs-3.3.269.tgz",
          "integrity": "sha512-Qx9qG5hoT1IaRCFYvWrwCqdfqGm+spLL6vkcqjCR+wKIiiMqE39Ji36KQ8r9TxdbHesEgbzu39BoT00Z97J7HA=="
        }
      }
    },
    "@aws-cdk/aws-s3": {
      "version": "1.152.0",
      "resolved": "https://registry.npmjs.org/@aws-cdk/aws-s3/-/aws-s3-1.152.0.tgz",
      "integrity": "sha512-3a6uGMdZ41OWTDXo4b3rM9FUCBKEUVBt/kgm07GZq2kBj13/d6O7DBWp1bUq0fYIjftk2AAXkXOwsORuPMgiPw==",
      "requires": {
        "@aws-cdk/aws-events": "1.152.0",
        "@aws-cdk/aws-iam": "1.152.0",
        "@aws-cdk/aws-kms": "1.152.0",
        "@aws-cdk/core": "1.152.0",
        "@aws-cdk/cx-api": "1.152.0",
        "constructs": "^3.3.69"
      },
      "dependencies": {
        "constructs": {
          "version": "3.3.269",
          "resolved": "https://registry.npmjs.org/constructs/-/constructs-3.3.269.tgz",
          "integrity": "sha512-Qx9qG5hoT1IaRCFYvWrwCqdfqGm+spLL6vkcqjCR+wKIiiMqE39Ji36KQ8r9TxdbHesEgbzu39BoT00Z97J7HA=="
        }
      }
    },
    "@aws-cdk/cloud-assembly-schema": {
      "version": "1.152.0",
      "resolved": "https://registry.npmjs.org/@aws-cdk/cloud-assembly-schema/-/cloud-assembly-schema-1.152.0.tgz",
      "integrity": "sha512-DEb+760eRhTGsclAaLqWJijMPsl789/JR54qP83RHEkj4tYxy5s6LMIfCMLAvLTjAR23lzk+7/0OvHNwUHiMYw==",
      "requires": {
        "jsonschema": "^1.4.0",
        "semver": "^7.3.5"
      },
      "dependencies": {
        "jsonschema": {
          "version": "1.4.0",
          "bundled": true
        },
        "lru-cache": {
          "version": "6.0.0",
          "bundled": true,
          "requires": {
            "yallist": "^4.0.0"
          }
        },
        "semver": {
          "version": "7.3.5",
          "bundled": true,
          "requires": {
            "lru-cache": "^6.0.0"
          }
        },
        "yallist": {
          "version": "4.0.0",
          "bundled": true
        }
      }
    },
    "@aws-cdk/core": {
      "version": "1.152.0",
      "resolved": "https://registry.npmjs.org/@aws-cdk/core/-/core-1.152.0.tgz",
      "integrity": "sha512-P9BLrD/cFiJ4uxSUp5+Gf/Fc/IAn8Vhp3QCMcFsD3gB2JrUnxuloHwBzu1zdZVa2k2QdLBTHor1YNFFjs3zdLQ==",
      "requires": {
        "@aws-cdk/cloud-assembly-schema": "1.152.0",
        "@aws-cdk/cx-api": "1.152.0",
        "@aws-cdk/region-info": "1.152.0",
        "@balena/dockerignore": "^1.0.2",
        "constructs": "^3.3.69",
        "fs-extra": "^9.1.0",
        "ignore": "^5.2.0",
        "minimatch": "^3.1.2"
      },
      "dependencies": {
        "@balena/dockerignore": {
          "version": "1.0.2",
          "bundled": true
        },
        "at-least-node": {
          "version": "1.0.0",
          "bundled": true
        },
        "balanced-match": {
          "version": "1.0.2",
          "bundled": true
        },
        "brace-expansion": {
          "version": "1.1.11",
          "bundled": true,
          "requires": {
            "balanced-match": "^1.0.0",
            "concat-map": "0.0.1"
          }
        },
        "concat-map": {
          "version": "0.0.1",
          "bundled": true
        },
        "constructs": {
          "version": "3.3.269",
          "resolved": "https://registry.npmjs.org/constructs/-/constructs-3.3.269.tgz",
          "integrity": "sha512-Qx9qG5hoT1IaRCFYvWrwCqdfqGm+spLL6vkcqjCR+wKIiiMqE39Ji36KQ8r9TxdbHesEgbzu39BoT00Z97J7HA=="
        },
        "fs-extra": {
          "version": "9.1.0",
          "bundled": true,
          "requires": {
            "at-least-node": "^1.0.0",
            "graceful-fs": "^4.2.0",
            "jsonfile": "^6.0.1",
            "universalify": "^2.0.0"
          }
        },
        "graceful-fs": {
          "version": "4.2.9",
          "bundled": true
        },
        "ignore": {
          "version": "5.2.0",
          "bundled": true
        },
        "jsonfile": {
          "version": "6.1.0",
          "bundled": true,
          "requires": {
            "graceful-fs": "^4.1.6",
            "universalify": "^2.0.0"
          }
        },
        "minimatch": {
          "version": "3.1.2",
          "bundled": true,
          "requires": {
            "brace-expansion": "^1.1.7"
          }
        },
        "universalify": {
          "version": "2.0.0",
          "bundled": true
        }
      }
    },
    "@aws-cdk/cx-api": {
      "version": "1.152.0",
      "resolved": "https://registry.npmjs.org/@aws-cdk/cx-api/-/cx-api-1.152.0.tgz",
      "integrity": "sha512-v6oMPMUEZrg+hEB5rVlYlWugwHKVNsBWzvT+1Hl7h6SyadTSh08wby4uyzGk/mxWusk4NwW1FMaIYtsG5BNF4A==",
      "requires": {
        "@aws-cdk/cloud-assembly-schema": "1.152.0",
        "semver": "^7.3.5"
      },
      "dependencies": {
        "lru-cache": {
          "version": "6.0.0",
          "bundled": true,
          "requires": {
            "yallist": "^4.0.0"
          }
        },
        "semver": {
          "version": "7.3.5",
          "bundled": true,
          "requires": {
            "lru-cache": "^6.0.0"
          }
        },
        "yallist": {
          "version": "4.0.0",
          "bundled": true
        }
      }
    },
    "@aws-cdk/region-info": {
      "version": "1.152.0",
      "resolved": "https://registry.npmjs.org/@aws-cdk/region-info/-/region-info-1.152.0.tgz",
      "integrity": "sha512-LJKb6W9RKJegw25H+RcUvxRyN8yIbez7m9OSvk/HSJZQVllxTyf3427gYgkwSjPvYnzBIuQEuH4lpZs96imh2A=="
    },
    "aws-cdk-lib": {
      "version": "2.20.0",
      "resolved": "https://registry.npmjs.org/aws-cdk-lib/-/aws-cdk-lib-2.20.0.tgz",
      "integrity": "sha512-jACK/1UJxtWWl6QH+I1V8Oc8F1EEL6aFQYk24DIrzNyB1Aj9LIs9/NyDu5zN00QFKrR6aDE7WAv1VG3sa6wWdg==",
      "peer": true,
      "requires": {
        "@balena/dockerignore": "^1.0.2",
        "case": "1.6.3",
        "fs-extra": "^9.1.0",
        "ignore": "^5.2.0",
        "jsonschema": "^1.4.0",
        "minimatch": "^3.1.2",
        "punycode": "^2.1.1",
        "semver": "^7.3.5",
        "yaml": "1.10.2"
      },
      "dependencies": {
        "@balena/dockerignore": {
          "version": "1.0.2",
          "bundled": true,
          "peer": true
        },
        "at-least-node": {
          "version": "1.0.0",
          "bundled": true,
          "peer": true
        },
        "balanced-match": {
          "version": "1.0.2",
          "bundled": true,
          "peer": true
        },
        "brace-expansion": {
          "version": "1.1.11",
          "bundled": true,
          "peer": true,
          "requires": {
            "balanced-match": "^1.0.0",
            "concat-map": "0.0.1"
          }
        },
        "case": {
          "version": "1.6.3",
          "bundled": true,
          "peer": true
        },
        "concat-map": {
          "version": "0.0.1",
          "bundled": true,
          "peer": true
        },
        "fs-extra": {
          "version": "9.1.0",
          "bundled": true,
          "peer": true,
          "requires": {
            "at-least-node": "^1.0.0",
            "graceful-fs": "^4.2.0",
            "jsonfile": "^6.0.1",
            "universalify": "^2.0.0"
          }
        },
        "graceful-fs": {
          "version": "4.2.9",
          "bundled": true,
          "peer": true
        },
        "ignore": {
          "version": "5.2.0",
          "bundled": true,
          "peer": true
        },
        "jsonfile": {
          "version": "6.1.0",
          "bundled": true,
          "peer": true,
          "requires": {
            "graceful-fs": "^4.1.6",
            "universalify": "^2.0.0"
          }
        },
        "jsonschema": {
          "version": "1.4.0",
          "bundled": true,
          "peer": true
        },
        "lru-cache": {
          "version": "6.0.0",
          "bundled": true,
          "peer": true,
          "requires": {
            "yallist": "^4.0.0"
          }
        },
        "minimatch": {
          "version": "3.1.2",
          "bundled": true,
          "peer": true,
          "requires": {
            "brace-expansion": "^1.1.7"
          }
        },
        "punycode": {
          "version": "2.1.1",
          "bundled": true,
          "peer": true
        },
        "semver": {
          "version": "7.3.5",
          "bundled": true,
          "peer": true,
          "requires": {
            "lru-cache": "^6.0.0"
          }
        },
        "universalify": {
          "version": "2.0.0",
          "bundled": true,
          "peer": true
        },
        "yallist": {
          "version": "4.0.0",
          "bundled": true,
          "peer": true
        },
        "yaml": {
          "version": "1.10.2",
          "bundled": true,
          "peer": true
        }
      }
    },
    "constructs": {
      "version": "10.0.116",
      "resolved": "https://registry.npmjs.org/constructs/-/constructs-10.0.116.tgz",
      "integrity": "sha512-caA9ggK0N/wZ6Bj7Co/+3dWkXh9mq0TUr1VbLk7HBy9fgafIYwywD4e6J4zympulK0zVrq17JbeZB1HAIQTu/Q==",
      "peer": true
    }
  }
}
